
Microsoft Visual Studio Solution File, Format Version 12.00
# Visual Studio 15
Project("{FAE04EC0-301F-11D3-BF4B-00C04F79EFBC}") = "SteamVR", "SteamVR.csproj", "{E6A896CC-169A-23E7-B4E8-D9F72921540D}"
EndProject
Project("{FAE04EC0-301F-11D3-BF4B-00C04F79EFBC}") = "SteamVR_Editor", "SteamVR_Editor.csproj", "{69B3F853-2964-C4F0-AA6F-209CB85D1EC4}"
EndProject
Project("{FAE04EC0-301F-11D3-BF4B-00C04F79EFBC}") = "SteamVR_Input_Editor", "SteamVR_Input_Editor.csproj", "{9E47C58E-6A43-AA9B-3ADD-B4FD6E73E02D}"
EndProject
Project("{FAE04EC0-301F-11D3-BF4B-00C04F79EFBC}") = "Assembly-CSharp", "Assembly-CSharp.csproj", "{18F20118-7870-7C29-4824-EE912875BC16}"
EndProject
Project("{FAE04EC0-301F-11D3-BF4B-00C04F79EFBC}") = "Assembly-CSharp-Editor", "Assembly-CSharp-Editor.csproj", "{3A27C788-89C7-7828-A40A-44D18D90CAF7}"
EndProject
Project("{FAE04EC0-301F-11D3-BF4B-00C04F79EFBC}") = "SteamVR_Windows_EditorHelper", "SteamVR_Windows_EditorHelper.csproj", "{6BAC3021-7B39-B1F0-B791-EB4DC552FFFF}"
EndProject
Global
	GlobalSection(SolutionConfigurationPlatforms) = preSolution
		Debug|Any CPU = Debug|Any CPU
		Release|Any CPU = Release|Any CPU
	EndGlobalSection
	GlobalSection(ProjectConfigurationPlatforms) = postSolution
		{E6A896CC-169A-23E7-B4E8-D9F72921540D}.Debug|Any CPU.ActiveCfg = Debug|Any CPU
		{E6A896CC-169A-23E7-B4E8-D9F72921540D}.Debug|Any CPU.Build.0 = Debug|Any CPU
		{E6A896CC-169A-23E7-B4E8-D9F72921540D}.Release|Any CPU.ActiveCfg = Release|Any CPU
		{E6A896CC-169A-23E7-B4E8-D9F72921540D}.Release|Any CPU.Build.0 = Release|Any CPU
		{69B3F853-2964-C4F0-AA6F-209CB85D1EC4}.Debug|Any CPU.ActiveCfg = Debug|Any CPU
		{69B3F853-2964-C4F0-AA6F-209CB85D1EC4}.Debug|Any CPU.Build.0 = Debug|Any CPU
		{69B3F853-2964-C4F0-AA6F-209CB85D1EC4}.Release|Any CPU.ActiveCfg = Release|Any CPU
		{69B3F853-2964-C4F0-AA6F-209CB85D1EC4}.Release|Any CPU.Build.0 = Release|Any CPU
		{9E47C58E-6A43-AA9B-3ADD-B4FD6E73E02D}.Debug|Any CPU.ActiveCfg = Debug|Any CPU
		{9E47C58E-6A43-AA9B-3ADD-B4FD6E73E02D}.Debug|Any CPU.Build.0 = Debug|Any CPU
		{9E47C58E-6A43-AA9B-3ADD-B4FD6E73E02D}.Release|Any CPU.ActiveCfg = Release|Any CPU
		{9E47C58E-6A43-AA9B-3ADD-B4FD6E73E02D}.Release|Any CPU.Build.0 = Release|Any CPU
		{18F20118-7870-7C29-4824-EE912875BC16}.Debug|Any CPU.ActiveCfg = Debug|Any CPU
		{18F20118-7870-7C29-4824-EE912875BC16}.Debug|Any CPU.Build.0 = Debug|Any CPU
		{18F20118-7870-7C29-4824-EE912875BC16}.Release|Any CPU.ActiveCfg = Release|Any CPU
		{18F20118-7870-7C29-4824-EE912875BC16}.Release|Any CPU.Build.0 = Release|Any CPU
		{3A27C788-89C7-7828-A40A-44D18D90CAF7}.Debug|Any CPU.ActiveCfg = Debug|Any CPU
		{3A27C788-89C7-7828-A40A-44D18D90CAF7}.Debug|Any CPU.Build.0 = Debug|Any CPU
		{3A27C788-89C7-7828-A40A-44D18D90CAF7}.Release|Any CPU.ActiveCfg = Release|Any CPU
		{3A27C788-89C7-7828-A40A-44D18D90CAF7}.Release|Any CPU.Build.0 = Release|Any CPU
		{6BAC3021-7B39-B1F0-B791-EB4DC552FFFF}.Debug|Any CPU.ActiveCfg = Debug|Any CPU
		{6BAC3021-7B39-B1F0-B791-EB4DC552FFFF}.Debug|Any CPU.Build.0 = Debug|Any CPU
		{6BAC3021-7B39-B1F0-B791-EB4DC552FFFF}.Release|Any CPU.ActiveCfg = Release|Any CPU
		{6BAC3021-7B39-B1F0-B791-EB4DC552FFFF}.Release|Any CPU.Build.0 = Release|Any CPU
	EndGlobalSection
	GlobalSection(SolutionProperties) = preSolution
		HideSolutionNode = FALSE
	EndGlobalSection
EndGlobal
